
Microsoft Visual Studio Solution File, Format Version 12.00
# Visual Studio Version 17
VisualStudioVersion = 17.7.34009.444
MinimumVisualStudioVersion = 10.0.40219.1
Project("{888888A0-9F3D-457C-B088-3A5042F75D52}") = "CIS110 Course Project", "CIS110 Course Project.pyproj", "{918C5786-1156-401A-B07C-3856E435F479}"
EndProject
Global
	GlobalSection(SolutionConfigurationPlatforms) = preSolution
		Debug|Any CPU = Debug|Any CPU
		Release|Any CPU = Release|Any CPU
	EndGlobalSection
	GlobalSection(ProjectConfigurationPlatforms) = postSolution
		{918C5786-1156-401A-B07C-3856E435F479}.Debug|Any CPU.ActiveCfg = Debug|Any CPU
		{918C5786-1156-401A-B07C-3856E435F479}.Release|Any CPU.ActiveCfg = Release|Any CPU
	EndGlobalSection
	GlobalSection(SolutionProperties) = preSolution
		HideSolutionNode = FALSE
	EndGlobalSection
	GlobalSection(ExtensibilityGlobals) = postSolution
		SolutionGuid = {C9842603-89D3-4B87-9AB4-8D82739A207B}
	EndGlobalSection
EndGlobal
